
Microsoft Visual Studio Solution File, Format Version 12.00
# Visual Studio Version 17
VisualStudioVersion = 17.4.33122.133
MinimumVisualStudioVersion = 10.0.40219.1
Project("{FAE04EC0-301F-11D3-BF4B-00C04F79EFBC}") = "CargoStorage", "CargoStorage\CargoStorage.csproj", "{90EBBFC7-8BA5-44E9-9701-5F3D9E990275}"
EndProject
Global
	GlobalSection(SolutionConfigurationPlatforms) = preSolution
		Debug|Any CPU = Debug|Any CPU
		Release|Any CPU = Release|Any CPU
	EndGlobalSection
	GlobalSection(ProjectConfigurationPlatforms) = postSolution
		{90EBBFC7-8BA5-44E9-9701-5F3D9E990275}.Debug|Any CPU.ActiveCfg = Debug|Any CPU
		{90EBBFC7-8BA5-44E9-9701-5F3D9E990275}.Debug|Any CPU.Build.0 = Debug|Any CPU
		{90EBBFC7-8BA5-44E9-9701-5F3D9E990275}.Release|Any CPU.ActiveCfg = Release|Any CPU
		{90EBBFC7-8BA5-44E9-9701-5F3D9E990275}.Release|Any CPU.Build.0 = Release|Any CPU
	EndGlobalSection
	GlobalSection(SolutionProperties) = preSolution
		HideSolutionNode = FALSE
	EndGlobalSection
	GlobalSection(ExtensibilityGlobals) = postSolution
		SolutionGuid = {D061EDB7-820B-4837-9FB7-AE344D9526BC}
	EndGlobalSection
EndGlobal
